
Microsoft Visual Studio Solution File, Format Version 12.00
# Visual Studio Version 17
VisualStudioVersion = 17.8.34330.188
MinimumVisualStudioVersion = 10.0.40219.1
Project("{FAE04EC0-301F-11D3-BF4B-00C04F79EFBC}") = "CodingTest", "CodingTest.csproj", "{49535B53-9170-4F3B-AE3E-AEB0FA7E0A9F}"
EndProject
Project("{9A19103F-16F7-4668-BE54-9A1E7A4F7556}") = "Problem002", "..\Problem002\Problem002.csproj", "{9BB22111-75AF-42DD-B56C-4950CF94D724}"
EndProject
Project("{9A19103F-16F7-4668-BE54-9A1E7A4F7556}") = "problem03", "..\problem03\problem03.csproj", "{1DAEC58B-B0AB-4372-8BE9-A3B3E9EF311F}"
EndProject
Project("{FAE04EC0-301F-11D3-BF4B-00C04F79EFBC}") = "MostBigNumber", "..\MostBigNumber\MostBigNumber.csproj", "{271A7031-C5EF-499A-93F8-03BB647CBD25}"
EndProject
Project("{FAE04EC0-301F-11D3-BF4B-00C04F79EFBC}") = "MiddleNumber", "..\MiddleNumber\MiddleNumber.csproj", "{A81624EE-4D78-48DE-A0FB-64F1F7C18F91}"
EndProject
Project("{FAE04EC0-301F-11D3-BF4B-00C04F79EFBC}") = "StringCustomSorting", "..\StringCustomSorting\StringCustomSorting.csproj", "{7785313E-940E-4230-9AC2-A05625F3A55F}"
EndProject
Project("{FAE04EC0-301F-11D3-BF4B-00C04F79EFBC}") = "ShortestPath", "..\ShortestPath\ShortestPath.csproj", "{351A8163-285C-4FB5-8B71-9570FA24B411}"
EndProject
Global
	GlobalSection(SolutionConfigurationPlatforms) = preSolution
		Debug|Any CPU = Debug|Any CPU
		Release|Any CPU = Release|Any CPU
	EndGlobalSection
	GlobalSection(ProjectConfigurationPlatforms) = postSolution
		{49535B53-9170-4F3B-AE3E-AEB0FA7E0A9F}.Debug|Any CPU.ActiveCfg = Debug|Any CPU
		{49535B53-9170-4F3B-AE3E-AEB0FA7E0A9F}.Debug|Any CPU.Build.0 = Debug|Any CPU
		{49535B53-9170-4F3B-AE3E-AEB0FA7E0A9F}.Release|Any CPU.ActiveCfg = Release|Any CPU
		{49535B53-9170-4F3B-AE3E-AEB0FA7E0A9F}.Release|Any CPU.Build.0 = Release|Any CPU
		{9BB22111-75AF-42DD-B56C-4950CF94D724}.Debug|Any CPU.ActiveCfg = Debug|Any CPU
		{9BB22111-75AF-42DD-B56C-4950CF94D724}.Debug|Any CPU.Build.0 = Debug|Any CPU
		{9BB22111-75AF-42DD-B56C-4950CF94D724}.Release|Any CPU.ActiveCfg = Release|Any CPU
		{9BB22111-75AF-42DD-B56C-4950CF94D724}.Release|Any CPU.Build.0 = Release|Any CPU
		{1DAEC58B-B0AB-4372-8BE9-A3B3E9EF311F}.Debug|Any CPU.ActiveCfg = Debug|Any CPU
		{1DAEC58B-B0AB-4372-8BE9-A3B3E9EF311F}.Debug|Any CPU.Build.0 = Debug|Any CPU
		{1DAEC58B-B0AB-4372-8BE9-A3B3E9EF311F}.Release|Any CPU.ActiveCfg = Release|Any CPU
		{1DAEC58B-B0AB-4372-8BE9-A3B3E9EF311F}.Release|Any CPU.Build.0 = Release|Any CPU
		{271A7031-C5EF-499A-93F8-03BB647CBD25}.Debug|Any CPU.ActiveCfg = Debug|Any CPU
		{271A7031-C5EF-499A-93F8-03BB647CBD25}.Debug|Any CPU.Build.0 = Debug|Any CPU
		{271A7031-C5EF-499A-93F8-03BB647CBD25}.Release|Any CPU.ActiveCfg = Release|Any CPU
		{271A7031-C5EF-499A-93F8-03BB647CBD25}.Release|Any CPU.Build.0 = Release|Any CPU
		{A81624EE-4D78-48DE-A0FB-64F1F7C18F91}.Debug|Any CPU.ActiveCfg = Debug|Any CPU
		{A81624EE-4D78-48DE-A0FB-64F1F7C18F91}.Debug|Any CPU.Build.0 = Debug|Any CPU
		{A81624EE-4D78-48DE-A0FB-64F1F7C18F91}.Release|Any CPU.ActiveCfg = Release|Any CPU
		{A81624EE-4D78-48DE-A0FB-64F1F7C18F91}.Release|Any CPU.Build.0 = Release|Any CPU
		{7785313E-940E-4230-9AC2-A05625F3A55F}.Debug|Any CPU.ActiveCfg = Debug|Any CPU
		{7785313E-940E-4230-9AC2-A05625F3A55F}.Debug|Any CPU.Build.0 = Debug|Any CPU
		{7785313E-940E-4230-9AC2-A05625F3A55F}.Release|Any CPU.ActiveCfg = Release|Any CPU
		{7785313E-940E-4230-9AC2-A05625F3A55F}.Release|Any CPU.Build.0 = Release|Any CPU
		{351A8163-285C-4FB5-8B71-9570FA24B411}.Debug|Any CPU.ActiveCfg = Debug|Any CPU
		{351A8163-285C-4FB5-8B71-9570FA24B411}.Debug|Any CPU.Build.0 = Debug|Any CPU
		{351A8163-285C-4FB5-8B71-9570FA24B411}.Release|Any CPU.ActiveCfg = Release|Any CPU
		{351A8163-285C-4FB5-8B71-9570FA24B411}.Release|Any CPU.Build.0 = Release|Any CPU
	EndGlobalSection
	GlobalSection(SolutionProperties) = preSolution
		HideSolutionNode = FALSE
	EndGlobalSection
	GlobalSection(ExtensibilityGlobals) = postSolution
		SolutionGuid = {29BC1D67-3247-4442-AE65-CA1262308EFB}
	EndGlobalSection
EndGlobal
